# This file was autogenerated by Stack.
# You should not edit this file by hand.
# For more information, please see the documentation at:
#   https://docs.haskellstack.org/en/stable/lock_files

packages:
- completed:
    hackage: network-run-0.2.2@sha256:34fcfda2c0e1784913bd51f4ce215f0b7ac33e37b02386132d9260982854fc22,885
    pantry-tree:
      size: 382
      sha256: c2326f27b9ca3ff4c037c3c54dd094996dc1584870a634b7fc0f1086d4c82c02
  original:
    hackage: network-run-0.2.2@sha256:34fcfda2c0e1784913bd51f4ce215f0b7ac33e37b02386132d9260982854fc22,885
- completed:
    hackage: stm-linkedlist-0.1.0.0@sha256:a1b82dfd8e3652c998b50b2df4a99a27b6decfa463394c1c8b48b5e03bbe3e1e,1765
    pantry-tree:
      size: 416
      sha256: 54150bf22c74f144501ebf7244e8817bc1cf23a2c8c779da5ad11a1bb99e1c5a
  original:
    hackage: stm-linkedlist-0.1.0.0@sha256:a1b82dfd8e3652c998b50b2df4a99a27b6decfa463394c1c8b48b5e03bbe3e1e,1765
- completed:
    hackage: qtah-qt5-0.6.0@sha256:ca393a9174c702a78fbad2f89d69153360e892219f020fded416a323ede2874f,24811
    pantry-tree:
      size: 42137
      sha256: 63597263d5c1811b64a97a1997cf5e1d74b21c51b7ab48e82beecbf7b5f71436
  original:
    hackage: qtah-qt5-0.6.0@sha256:ca393a9174c702a78fbad2f89d69153360e892219f020fded416a323ede2874f,24811
- completed:
    hackage: qtah-cpp-qt5-0.6.0@sha256:c0bdd7ad10fb3692fe0d6e94f19b6a7972f819e92433520db1b853c594611ab6,1538
    pantry-tree:
      size: 1805
      sha256: 9562f39ee97b81ff23cabf3bf41e8ae02789cddd0a57650b18d6d32cfe690ebf
  original:
    hackage: qtah-cpp-qt5-0.6.0@sha256:c0bdd7ad10fb3692fe0d6e94f19b6a7972f819e92433520db1b853c594611ab6,1538
- completed:
    hackage: hoppy-runtime-0.7.0@sha256:7e8ede0a5c9e18af38181dec8dafe50b2e8ab8309a7391710d2db3327bf4dbc1,1112
    pantry-tree:
      size: 297
      sha256: 07db6d391e445cfcb73c227e513b728d39852337b3d507d5c38c3b72dd6847df
  original:
    hackage: hoppy-runtime-0.7.0@sha256:7e8ede0a5c9e18af38181dec8dafe50b2e8ab8309a7391710d2db3327bf4dbc1,1112
- completed:
    hackage: hoppy-std-0.7.0@sha256:ed484c2a3ce3ab3af26a09b60b8e23379b997cd892e71804ec9690896eecb7d1,1542
    pantry-tree:
      size: 1567
      sha256: c6f4e09992c8d0c75f1f30d5f0fea46538099c4d25bac0d7b430bde8efae2f96
  original:
    hackage: hoppy-std-0.7.0@sha256:ed484c2a3ce3ab3af26a09b60b8e23379b997cd892e71804ec9690896eecb7d1,1542
- completed:
    subdir: generator
    cabal-file:
      size: 2136
      sha256: 06d74e930a825254ff86d1d22c357bbbc55c76e8df356bbb4023899697bb914b
    name: hoppy-generator
    version: 0.7.1
    git: https://github.com/mesabloo/hoppy.git
    pantry-tree:
      size: 2743
      sha256: 94dc7481da78c0dcd3b978dd051a064a064136a3a2b639209006f7f8b74ceadb
    commit: 8d338a5fe27d9fff7b93e937dd8f4dea6de1b4a5
  original:
    subdir: generator
    git: https://github.com/mesabloo/hoppy.git
    commit: 8d338a5fe27d9fff7b93e937dd8f4dea6de1b4a5
- completed:
    subdir: qtah-generator
    cabal-file:
      size: 15994
      sha256: 1f1f3eb1f197ea21059e19c12bb5221893214be3057fac218a0810dd9929cadb
    name: qtah-generator
    version: 0.6.1
    git: https://github.com/mesabloo/qtah.git
    pantry-tree:
      size: 26701
      sha256: a9af5b6675eaa98e2735d8c93bf5d47f7cbd4e0de536da0d3874d09873a3a135
    commit: 4ad9e06352b5bbec8f717e382c890de560cfaa98
  original:
    subdir: qtah-generator
    git: https://github.com/mesabloo/qtah.git
    commit: 4ad9e06352b5bbec8f717e382c890de560cfaa98
snapshots:
- completed:
    size: 491372
    url: https://raw.githubusercontent.com/commercialhaskell/stackage-snapshots/master/lts/15/2.yaml
    sha256: a98d091d911606d0d8adccbeb811b81bbd8cc2d888f99ef9e273350e8e9692a8
  original: lts-15.2
